
Microsoft Visual Studio Solution File, Format Version 12.00
# Visual Studio Version 17
VisualStudioVersion = 17.6.33723.286
MinimumVisualStudioVersion = 10.0.40219.1
Project("{2150E333-8FDC-42A3-9474-1A3956D46DE8}") = "src", "src", "{AC911FDB-54B0-4BD6-9F95-D3AA8FD4F7B7}"
EndProject
Project("{2150E333-8FDC-42A3-9474-1A3956D46DE8}") = "test", "test", "{47ECD46F-3817-4E0D-BBD7-8D6E16D0985A}"
EndProject
Project("{2150E333-8FDC-42A3-9474-1A3956D46DE8}") = "Core", "Core", "{4A03AECC-C8BC-4638-8056-5FE4F00E5F7D}"
EndProject
Project("{2150E333-8FDC-42A3-9474-1A3956D46DE8}") = "Infrastructure", "Infrastructure", "{E64E8F36-2793-4201-9CFD-F6EC881B4968}"
EndProject
Project("{2150E333-8FDC-42A3-9474-1A3956D46DE8}") = "UI", "UI", "{831BAAF5-3822-4294-ADC8-7A07D9291211}"
EndProject
Project("{2150E333-8FDC-42A3-9474-1A3956D46DE8}") = "API", "API", "{31B68F03-B408-4663-9C5F-7F5D5300CD6D}"
EndProject
Project("{9A19103F-16F7-4668-BE54-9A1E7A4F7556}") = "Elkadeem.TicketManagement.Domain", "src\Core\Elkadeem.TicketManagement.Domain\Elkadeem.TicketManagement.Domain.csproj", "{18977568-9381-439E-B858-B519D3A437AC}"
EndProject
Project("{9A19103F-16F7-4668-BE54-9A1E7A4F7556}") = "Elkadeem.TicketManagement.Application", "src\Core\Elkadeem.TicketManagement.Application\Elkadeem.TicketManagement.Application.csproj", "{E3CD80EE-F3CB-42B2-8DC6-D421658D2753}"
EndProject
Project("{9A19103F-16F7-4668-BE54-9A1E7A4F7556}") = "Elkadeem.TicketManagement.Persistence", "src\Infrastructure\Elkadeem.TicketManagement.Persistence\Elkadeem.TicketManagement.Persistence.csproj", "{B7AA7841-6BA9-4FEC-AA0C-1AA4160DEC39}"
EndProject
Project("{9A19103F-16F7-4668-BE54-9A1E7A4F7556}") = "Elkadeem.TicketManagement.Infrastructure", "src\Infrastructure\Elkadeem.TicketManagement.Infrastructure\Elkadeem.TicketManagement.Infrastructure.csproj", "{F3C65BFD-A0CF-4DAF-B52E-343D487D2E9E}"
EndProject
Project("{9A19103F-16F7-4668-BE54-9A1E7A4F7556}") = "Elkadeem.TicketManagement.API", "src\API\Elkadeem.TicketManagement.API\Elkadeem.TicketManagement.API.csproj", "{F3D46830-A915-4082-89B1-0A4BFC9832CB}"
EndProject
Project("{9A19103F-16F7-4668-BE54-9A1E7A4F7556}") = "Elkadeem.TicketManagement.Presentation", "src\UI\Elkadeem.TicketManagement.Presentation\Elkadeem.TicketManagement.Presentation.csproj", "{B5B9E063-B096-463F-94B7-543EC1EE4379}"
EndProject
Project("{9A19103F-16F7-4668-BE54-9A1E7A4F7556}") = "Elkadeem.TicketManagement.Identity", "src\Infrastructure\Elkadeem.TicketManagement.Identity\Elkadeem.TicketManagement.Identity.csproj", "{64244EAA-88E9-45A3-93C1-B46C799C4BBC}"
EndProject
Project("{9A19103F-16F7-4668-BE54-9A1E7A4F7556}") = "Elkadeem.DishesAPI", "src\API\Elkadeem.DishesAPI\Elkadeem.DishesAPI.csproj", "{90F4FC25-9E44-4328-918F-37EBBDE80172}"
EndProject
Project("{FAE04EC0-301F-11D3-BF4B-00C04F79EFBC}") = "Elkadeem.CourseLibraryAPI", "src\API\Elkadeem.CourseLibraryAPI\Elkadeem.CourseLibraryAPI.csproj", "{FB3F7C10-FA58-43CB-98A7-21B86242F0ED}"
EndProject
Global
	GlobalSection(SolutionConfigurationPlatforms) = preSolution
		Debug|Any CPU = Debug|Any CPU
		Release|Any CPU = Release|Any CPU
	EndGlobalSection
	GlobalSection(ProjectConfigurationPlatforms) = postSolution
		{18977568-9381-439E-B858-B519D3A437AC}.Debug|Any CPU.ActiveCfg = Debug|Any CPU
		{18977568-9381-439E-B858-B519D3A437AC}.Debug|Any CPU.Build.0 = Debug|Any CPU
		{18977568-9381-439E-B858-B519D3A437AC}.Release|Any CPU.ActiveCfg = Release|Any CPU
		{18977568-9381-439E-B858-B519D3A437AC}.Release|Any CPU.Build.0 = Release|Any CPU
		{E3CD80EE-F3CB-42B2-8DC6-D421658D2753}.Debug|Any CPU.ActiveCfg = Debug|Any CPU
		{E3CD80EE-F3CB-42B2-8DC6-D421658D2753}.Debug|Any CPU.Build.0 = Debug|Any CPU
		{E3CD80EE-F3CB-42B2-8DC6-D421658D2753}.Release|Any CPU.ActiveCfg = Release|Any CPU
		{E3CD80EE-F3CB-42B2-8DC6-D421658D2753}.Release|Any CPU.Build.0 = Release|Any CPU
		{B7AA7841-6BA9-4FEC-AA0C-1AA4160DEC39}.Debug|Any CPU.ActiveCfg = Debug|Any CPU
		{B7AA7841-6BA9-4FEC-AA0C-1AA4160DEC39}.Debug|Any CPU.Build.0 = Debug|Any CPU
		{B7AA7841-6BA9-4FEC-AA0C-1AA4160DEC39}.Release|Any CPU.ActiveCfg = Release|Any CPU
		{B7AA7841-6BA9-4FEC-AA0C-1AA4160DEC39}.Release|Any CPU.Build.0 = Release|Any CPU
		{F3C65BFD-A0CF-4DAF-B52E-343D487D2E9E}.Debug|Any CPU.ActiveCfg = Debug|Any CPU
		{F3C65BFD-A0CF-4DAF-B52E-343D487D2E9E}.Debug|Any CPU.Build.0 = Debug|Any CPU
		{F3C65BFD-A0CF-4DAF-B52E-343D487D2E9E}.Release|Any CPU.ActiveCfg = Release|Any CPU
		{F3C65BFD-A0CF-4DAF-B52E-343D487D2E9E}.Release|Any CPU.Build.0 = Release|Any CPU
		{F3D46830-A915-4082-89B1-0A4BFC9832CB}.Debug|Any CPU.ActiveCfg = Debug|Any CPU
		{F3D46830-A915-4082-89B1-0A4BFC9832CB}.Debug|Any CPU.Build.0 = Debug|Any CPU
		{F3D46830-A915-4082-89B1-0A4BFC9832CB}.Release|Any CPU.ActiveCfg = Release|Any CPU
		{F3D46830-A915-4082-89B1-0A4BFC9832CB}.Release|Any CPU.Build.0 = Release|Any CPU
		{B5B9E063-B096-463F-94B7-543EC1EE4379}.Debug|Any CPU.ActiveCfg = Debug|Any CPU
		{B5B9E063-B096-463F-94B7-543EC1EE4379}.Debug|Any CPU.Build.0 = Debug|Any CPU
		{B5B9E063-B096-463F-94B7-543EC1EE4379}.Release|Any CPU.ActiveCfg = Release|Any CPU
		{B5B9E063-B096-463F-94B7-543EC1EE4379}.Release|Any CPU.Build.0 = Release|Any CPU
		{64244EAA-88E9-45A3-93C1-B46C799C4BBC}.Debug|Any CPU.ActiveCfg = Debug|Any CPU
		{64244EAA-88E9-45A3-93C1-B46C799C4BBC}.Debug|Any CPU.Build.0 = Debug|Any CPU
		{64244EAA-88E9-45A3-93C1-B46C799C4BBC}.Release|Any CPU.ActiveCfg = Release|Any CPU
		{64244EAA-88E9-45A3-93C1-B46C799C4BBC}.Release|Any CPU.Build.0 = Release|Any CPU
		{90F4FC25-9E44-4328-918F-37EBBDE80172}.Debug|Any CPU.ActiveCfg = Debug|Any CPU
		{90F4FC25-9E44-4328-918F-37EBBDE80172}.Debug|Any CPU.Build.0 = Debug|Any CPU
		{90F4FC25-9E44-4328-918F-37EBBDE80172}.Release|Any CPU.ActiveCfg = Release|Any CPU
		{90F4FC25-9E44-4328-918F-37EBBDE80172}.Release|Any CPU.Build.0 = Release|Any CPU
		{FB3F7C10-FA58-43CB-98A7-21B86242F0ED}.Debug|Any CPU.ActiveCfg = Debug|Any CPU
		{FB3F7C10-FA58-43CB-98A7-21B86242F0ED}.Debug|Any CPU.Build.0 = Debug|Any CPU
		{FB3F7C10-FA58-43CB-98A7-21B86242F0ED}.Release|Any CPU.ActiveCfg = Release|Any CPU
		{FB3F7C10-FA58-43CB-98A7-21B86242F0ED}.Release|Any CPU.Build.0 = Release|Any CPU
	EndGlobalSection
	GlobalSection(SolutionProperties) = preSolution
		HideSolutionNode = FALSE
	EndGlobalSection
	GlobalSection(NestedProjects) = preSolution
		{4A03AECC-C8BC-4638-8056-5FE4F00E5F7D} = {AC911FDB-54B0-4BD6-9F95-D3AA8FD4F7B7}
		{E64E8F36-2793-4201-9CFD-F6EC881B4968} = {AC911FDB-54B0-4BD6-9F95-D3AA8FD4F7B7}
		{831BAAF5-3822-4294-ADC8-7A07D9291211} = {AC911FDB-54B0-4BD6-9F95-D3AA8FD4F7B7}
		{31B68F03-B408-4663-9C5F-7F5D5300CD6D} = {AC911FDB-54B0-4BD6-9F95-D3AA8FD4F7B7}
		{18977568-9381-439E-B858-B519D3A437AC} = {4A03AECC-C8BC-4638-8056-5FE4F00E5F7D}
		{E3CD80EE-F3CB-42B2-8DC6-D421658D2753} = {4A03AECC-C8BC-4638-8056-5FE4F00E5F7D}
		{B7AA7841-6BA9-4FEC-AA0C-1AA4160DEC39} = {E64E8F36-2793-4201-9CFD-F6EC881B4968}
		{F3C65BFD-A0CF-4DAF-B52E-343D487D2E9E} = {E64E8F36-2793-4201-9CFD-F6EC881B4968}
		{F3D46830-A915-4082-89B1-0A4BFC9832CB} = {31B68F03-B408-4663-9C5F-7F5D5300CD6D}
		{B5B9E063-B096-463F-94B7-543EC1EE4379} = {831BAAF5-3822-4294-ADC8-7A07D9291211}
		{64244EAA-88E9-45A3-93C1-B46C799C4BBC} = {E64E8F36-2793-4201-9CFD-F6EC881B4968}
		{90F4FC25-9E44-4328-918F-37EBBDE80172} = {31B68F03-B408-4663-9C5F-7F5D5300CD6D}
		{FB3F7C10-FA58-43CB-98A7-21B86242F0ED} = {31B68F03-B408-4663-9C5F-7F5D5300CD6D}
	EndGlobalSection
	GlobalSection(ExtensibilityGlobals) = postSolution
		SolutionGuid = {2A9EF054-D8A3-4F1E-875F-D79A649466B4}
	EndGlobalSection
EndGlobal
